Microsoft Visual Studio Solution File, Format Version 12.00
# Visual Studio Version 17
VisualStudioVersion = 17.5.2.0
MinimumVisualStudioVersion = 10.0.40219.1
Project("{FAE04EC0-301F-11D3-BF4B-00C04F79EFBC}") = "InverterTelegram", "InverterTelegram.csproj", "{4F3B2C0E-FCCB-7CF4-FAF7-BEA9D7A512B8}"
EndProject
Global
	GlobalSection(SolutionConfigurationPlatforms) = preSolution
		Debug|Any CPU = Debug|Any CPU
		Release|Any CPU = Release|Any CPU
	EndGlobalSection
	GlobalSection(ProjectConfigurationPlatforms) = postSolution
		{4F3B2C0E-FCCB-7CF4-FAF7-BEA9D7A512B8}.Debug|Any CPU.ActiveCfg = Debug|Any CPU
		{4F3B2C0E-FCCB-7CF4-FAF7-BEA9D7A512B8}.Debug|Any CPU.Build.0 = Debug|Any CPU
		{4F3B2C0E-FCCB-7CF4-FAF7-BEA9D7A512B8}.Release|Any CPU.ActiveCfg = Release|Any CPU
		{4F3B2C0E-FCCB-7CF4-FAF7-BEA9D7A512B8}.Release|Any CPU.Build.0 = Release|Any CPU
	EndGlobalSection
	GlobalSection(SolutionProperties) = preSolution
		HideSolutionNode = FALSE
	EndGlobalSection
	GlobalSection(ExtensibilityGlobals) = postSolution
		SolutionGuid = {64E770FD-6418-419F-87E7-274A9DB93642}
	EndGlobalSection
EndGlobal
